Terraform used the selected providers to generate the following execution plan. Resource actions are indicated with the following symbols:
  + create

Terraform will perform the following actions:

  # module.eks.aws_eks_cluster.main will be created
  + resource "aws_eks_cluster" "main" {
      + arn                       = (known after apply)
      + certificate_authority     = (known after apply)
      + created_at                = (known after apply)
      + endpoint                  = (known after apply)
      + id                        = (known after apply)
      + identity                  = (known after apply)
      + name                      = "web3-node-platform"
      + platform_version          = (known after apply)
      + role_arn                  = "arn:aws:iam::123456789012:role/web3-node-platform-cluster-role"
      + status                    = (known after apply)
      + tags                      = {
          + "Environment" = "dev"
          + "Project"     = "web3-node-platform"
          + "Terraform"   = "true"
        }
      + version                   = "1.28"

      + vpc_config {
          + cluster_security_group_id = (known after apply)
          + endpoint_private_access   = true
          + endpoint_public_access    = true
          + public_access_cidrs       = (known after apply)
          + security_group_ids        = (known after apply)
          + subnet_ids                = [
              + "subnet-0123456789abcdef0",
              + "subnet-0123456789abcdef1",
            ]
          + vpc_id                    = (known after apply)
        }
    }

  # module.vpc.aws_subnet.private[0] will be created
  + resource "aws_subnet" "private" {
      + arn                                            = (known after apply)
      + assign_ipv6_address_on_creation                = false
      + availability_zone                              = "us-east-1a"
      + cidr_block                                     = "10.0.1.0/24"
      + id                                             = (known after apply)
      + vpc_id                                         = (known after apply)
      + tags                                           = {
          + "Name" = "web3-node-platform-dev-private-1"
          + "kubernetes.io/cluster/web3-node-platform" = "shared"
        }
    }

  # module.vpc.aws_nat_gateway.main[0] will be created
  + resource "aws_nat_gateway" "main" {
      + allocation_id        = (known after apply)
      + connectivity_type    = "public"
      + id                   = (known after apply)
      + network_interface_id = (known after apply)
      + private_ip           = (known after apply)
      + public_ip            = (known after apply)
      + subnet_id            = (known after apply)
      + tags                 = {
          + "Name" = "web3-node-platform-dev-nat-1"
        }
    }

  # module.observability.helm_release.prometheus will be created
  + resource "helm_release" "prometheus" {
      + atomic                     = false
      + chart                      = "prometheus"
      + cleanup_on_fail            = false
      + create_namespace           = true
      + dependency_update          = false
      + description                = (known after apply)
      + disable_openapi_validation = false
      + disable_webhooks           = false
      + force_update               = false
      + id                         = (known after apply)
      + lint                       = false
      + max_history                = 0
      + metadata                   = (known after apply)
      + name                       = "prometheus"
      + namespace                  = "observability"
      + recreate_pods              = false
      + render_subchart_notes      = true
      + replace                    = false
      + repository                 = "https://prometheus-community.github.io/helm-charts"
      + reset_values               = false
      + reuse_values               = false
      + skip_crds                  = false
      + status                     = "deployed"
      + timeout                    = 300
      + verify                     = false
      + version                    = "25.8.0"
      + wait                       = true
      + wait_for_jobs              = false
    }

Plan: 24 to add, 0 to change, 0 to destroy.
